
Microsoft Visual Studio Solution File, Format Version 12.00
# Visual Studio 14
VisualStudioVersion = 14.0.25123.0
MinimumVisualStudioVersion = 10.0.40219.1
Project("{FAE04EC0-301F-11D3-BF4B-00C04F79EFBC}") = "App1", "App1\App1.csproj", "{C3F28333-029A-4F03-AAD4-486C3AAC36D5}"
EndProject
Global
	GlobalSection(SolutionConfigurationPlatforms) = preSolution
		Ad-Hoc|iPhone = Ad-Hoc|iPhone
		Ad-Hoc|iPhoneSimulator = Ad-Hoc|iPhoneSimulator
		AppStore|iPhone = AppStore|iPhone
		AppStore|iPhoneSimulator = AppStore|iPhoneSimulator
		Debug|iPhone = Debug|iPhone
		Debug|iPhoneSimulator = Debug|iPhoneSimulator
		Release|iPhone = Release|iPhone
		Release|iPhoneSimulator = Release|iPhoneSimulator
	EndGlobalSection
	GlobalSection(ProjectConfigurationPlatforms) = postSolution
		{C3F28333-029A-4F03-AAD4-486C3AAC36D5}.Ad-Hoc|iPhone.ActiveCfg = Ad-Hoc|iPhone
		{C3F28333-029A-4F03-AAD4-486C3AAC36D5}.Ad-Hoc|iPhone.Build.0 = Ad-Hoc|iPhone
		{C3F28333-029A-4F03-AAD4-486C3AAC36D5}.Ad-Hoc|iPhoneSimulator.ActiveCfg = Ad-Hoc|iPhoneSimulator
		{C3F28333-029A-4F03-AAD4-486C3AAC36D5}.Ad-Hoc|iPhoneSimulator.Build.0 = Ad-Hoc|iPhoneSimulator
		{C3F28333-029A-4F03-AAD4-486C3AAC36D5}.AppStore|iPhone.ActiveCfg = AppStore|iPhone
		{C3F28333-029A-4F03-AAD4-486C3AAC36D5}.AppStore|iPhone.Build.0 = AppStore|iPhone
		{C3F28333-029A-4F03-AAD4-486C3AAC36D5}.AppStore|iPhoneSimulator.ActiveCfg = AppStore|iPhoneSimulator
		{C3F28333-029A-4F03-AAD4-486C3AAC36D5}.AppStore|iPhoneSimulator.Build.0 = AppStore|iPhoneSimulator
		{C3F28333-029A-4F03-AAD4-486C3AAC36D5}.Debug|iPhone.ActiveCfg = Debug|iPhone
		{C3F28333-029A-4F03-AAD4-486C3AAC36D5}.Debug|iPhone.Build.0 = Debug|iPhone
		{C3F28333-029A-4F03-AAD4-486C3AAC36D5}.Debug|iPhoneSimulator.ActiveCfg = Debug|iPhoneSimulator
		{C3F28333-029A-4F03-AAD4-486C3AAC36D5}.Debug|iPhoneSimulator.Build.0 = Debug|iPhoneSimulator
		{C3F28333-029A-4F03-AAD4-486C3AAC36D5}.Release|iPhone.ActiveCfg = Release|iPhone
		{C3F28333-029A-4F03-AAD4-486C3AAC36D5}.Release|iPhone.Build.0 = Release|iPhone
		{C3F28333-029A-4F03-AAD4-486C3AAC36D5}.Release|iPhoneSimulator.ActiveCfg = Release|iPhoneSimulator
		{C3F28333-029A-4F03-AAD4-486C3AAC36D5}.Release|iPhoneSimulator.Build.0 = Release|iPhoneSimulator
	EndGlobalSection
	GlobalSection(SolutionProperties) = preSolution
		HideSolutionNode = FALSE
	EndGlobalSection
EndGlobal
